<?xml version="1.0" encoding="utf-8"?>
<Project ToolsVersion="4.0" xmlns="http://schemas.microsoft.com/developer/msbuild/2003">
  <ItemGroup>
    <Filter Include="Source Files">
      <UniqueIdentifier>{4FC737F1-C7A5-4376-A066-2A32D752A2FF}</UniqueIdentifier>
      <Extensions>cpp;c;cc;cxx;def;odl;idl;hpj;bat;asm;asmx</Extensions>
    </Filter>
    <Filter Include="Header Files">
      <UniqueIdentifier>{93995380-89BD-4b04-88EB-625FBE52EBFB}</UniqueIdentifier>
      <Extensions>h;hh;hpp;hxx;hm;inl;inc;xsd</Extensions>
    </Filter>
    <Filter Include="Resource Files">
      <UniqueIdentifier>{67DA6AB6-F800-4c08-8B7A-83BB121AAD01}</UniqueIdentifier>
      <Extensions>rc;ico;cur;bmp;dlg;rc2;rct;bin;rgs;gif;jpg;jpeg;jpe;resx;tiff;tif;png;wav;mfcribbon-ms</Extensions>
    </Filter>
  </ItemGroup>
  <ItemGroup>
    <ClInclude Include="json.hpp">
      <Filter>Header Files</Filter>
    </ClInclude>
    <ClInclude Include="Options.hpp">
      <Filter>Header Files</Filter>
    </ClInclude>
    <ClInclude Include="imgui\directx9\imgui_impl_dx9.h">
      <Filter>Header Files</Filter>
    </ClInclude>
    <ClInclude Include="imgui\imconfig.h">
      <Filter>Header Files</Filter>
    </ClInclude>
    <ClInclude Include="imgui\imgui.h">
      <Filter>Header Files</Filter>
    </ClInclude>
    <ClInclude Include="imgui\imgui_internal.h">
      <Filter>Header Files</Filter>
    </ClInclude>
    <ClInclude Include="imgui\stb_rect_pack.h">
      <Filter>Header Files</Filter>
    </ClInclude>
    <ClInclude Include="imgui\stb_textedit.h">
      <Filter>Header Files</Filter>
    </ClInclude>
    <ClInclude Include="imgui\stb_truetype.h">
      <Filter>Header Files</Filter>
    </ClInclude>
    <ClInclude Include="ui.hpp">
      <Filter>Header Files</Filter>
    </ClInclude>
    <ClInclude Include="Menu.hpp">
      <Filter>Header Files</Filter>
    </ClInclude>
    <ClInclude Include="singleton.hpp">
      <Filter>Header Files</Filter>
    </ClInclude>
    <ClInclude Include="ValveSDK\interfaces\CClientState.hpp">
      <Filter>Header Files</Filter>
    </ClInclude>
    <ClInclude Include="ValveSDK\interfaces\CInput.hpp">
      <Filter>Header Files</Filter>
    </ClInclude>
    <ClInclude Include="ValveSDK\interfaces\IAppSystem.hpp">
      <Filter>Header Files</Filter>
    </ClInclude>
    <ClInclude Include="ValveSDK\interfaces\IBaseClientDll.hpp">
      <Filter>Header Files</Filter>
    </ClInclude>
    <ClInclude Include="ValveSDK\interfaces\IClientEntity.hpp">
      <Filter>Header Files</Filter>
    </ClInclude>
    <ClInclude Include="ValveSDK\interfaces\IClientEntityList.hpp">
      <Filter>Header Files</Filter>
    </ClInclude>
    <ClInclude Include="ValveSDK\interfaces\IClientMode.hpp">
      <Filter>Header Files</Filter>
    </ClInclude>
    <ClInclude Include="ValveSDK\interfaces\IClientNetworkable.hpp">
      <Filter>Header Files</Filter>
    </ClInclude>
    <ClInclude Include="ValveSDK\interfaces\IClientRenderable.hpp">
      <Filter>Header Files</Filter>
    </ClInclude>
    <ClInclude Include="ValveSDK\interfaces\IClientThinkable.hpp">
      <Filter>Header Files</Filter>
    </ClInclude>
    <ClInclude Include="ValveSDK\interfaces\IClientUnknown.hpp">
      <Filter>Header Files</Filter>
    </ClInclude>
    <ClInclude Include="ValveSDK\interfaces\ICollideable.hpp">
      <Filter>Header Files</Filter>
    </ClInclude>
    <ClInclude Include="ValveSDK\interfaces\IConVar.hpp">
      <Filter>Header Files</Filter>
    </ClInclude>
    <ClInclude Include="ValveSDK\interfaces\ICvar.hpp">
      <Filter>Header Files</Filter>
    </ClInclude>
    <ClInclude Include="ValveSDK\interfaces\IEngineSound.hpp">
      <Filter>Header Files</Filter>
    </ClInclude>
    <ClInclude Include="ValveSDK\interfaces\IEngineTrace.hpp">
      <Filter>Header Files</Filter>
    </ClInclude>
    <ClInclude Include="ValveSDK\interfaces\IGameEventmanager.hpp">
      <Filter>Header Files</Filter>
    </ClInclude>
    <ClInclude Include="ValveSDK\interfaces\IMaterialSystem.hpp">
      <Filter>Header Files</Filter>
    </ClInclude>
    <ClInclude Include="ValveSDK\interfaces\IMDLCache.hpp">
      <Filter>Header Files</Filter>
    </ClInclude>
    <ClInclude Include="ValveSDK\interfaces\IMoveHelper.hpp">
      <Filter>Header Files</Filter>
    </ClInclude>
    <ClInclude Include="ValveSDK\interfaces\IPanel.hpp">
      <Filter>Header Files</Filter>
    </ClInclude>
    <ClInclude Include="ValveSDK\interfaces\IPhysics.hpp">
      <Filter>Header Files</Filter>
    </ClInclude>
    <ClInclude Include="ValveSDK\interfaces\IPrediction.hpp">
      <Filter>Header Files</Filter>
    </ClInclude>
    <ClInclude Include="ValveSDK\interfaces\IRenderView.hpp">
      <Filter>Header Files</Filter>
    </ClInclude>
    <ClInclude Include="ValveSDK\interfaces\ISurface.hpp">
      <Filter>Header Files</Filter>
    </ClInclude>
    <ClInclude Include="ValveSDK\interfaces\IVDebugOverlay.hpp">
      <Filter>Header Files</Filter>
    </ClInclude>
    <ClInclude Include="ValveSDK\interfaces\IVEngineClient.hpp">
      <Filter>Header Files</Filter>
    </ClInclude>
    <ClInclude Include="ValveSDK\interfaces\IViewRender.hpp">
      <Filter>Header Files</Filter>
    </ClInclude>
    <ClInclude Include="ValveSDK\interfaces\IVModelInfoClient.hpp">
      <Filter>Header Files</Filter>
    </ClInclude>
    <ClInclude Include="ValveSDK\interfaces\IVModelRender.hpp">
      <Filter>Header Files</Filter>
    </ClInclude>
    <ClInclude Include="ValveSDK\math\QAngle.hpp">
      <Filter>Header Files</Filter>
    </ClInclude>
    <ClInclude Include="ValveSDK\math\Vector.hpp">
      <Filter>Header Files</Filter>
    </ClInclude>
    <ClInclude Include="ValveSDK\math\Vector2D.hpp">
      <Filter>Header Files</Filter>
    </ClInclude>
    <ClInclude Include="ValveSDK\math\Vector4D.hpp">
      <Filter>Header Files</Filter>
    </ClInclude>
    <ClInclude Include="ValveSDK\math\VMatrix.hpp">
      <Filter>Header Files</Filter>
    </ClInclude>
    <ClInclude Include="ValveSDK\misc\BaseHandle.hpp">
      <Filter>Header Files</Filter>
    </ClInclude>
    <ClInclude Include="ValveSDK\misc\characterset.hpp">
      <Filter>Header Files</Filter>
    </ClInclude>
    <ClInclude Include="ValveSDK\misc\checksum_crc.hpp">
      <Filter>Header Files</Filter>
    </ClInclude>
    <ClInclude Include="ValveSDK\misc\checksum_md5.hpp">
      <Filter>Header Files</Filter>
    </ClInclude>
    <ClInclude Include="ValveSDK\misc\ClientClass.hpp">
      <Filter>Header Files</Filter>
    </ClInclude>
    <ClInclude Include="ValveSDK\misc\Color.hpp">
      <Filter>Header Files</Filter>
    </ClInclude>
    <ClInclude Include="ValveSDK\misc\Convar.hpp">
      <Filter>Header Files</Filter>
    </ClInclude>
    <ClInclude Include="ValveSDK\misc\CUserCmd.hpp">
      <Filter>Header Files</Filter>
    </ClInclude>
    <ClInclude Include="ValveSDK\misc\EHandle.hpp">
      <Filter>Header Files</Filter>
    </ClInclude>
    <ClInclude Include="ValveSDK\misc\Enums.hpp">
      <Filter>Header Files</Filter>
    </ClInclude>
    <ClInclude Include="ValveSDK\misc\GlobalVars.hpp">
      <Filter>Header Files</Filter>
    </ClInclude>
    <ClInclude Include="ValveSDK\misc\glow_outline_effect.hpp">
      <Filter>Header Files</Filter>
    </ClInclude>
    <ClInclude Include="ValveSDK\misc\IHandleEntity.hpp">
      <Filter>Header Files</Filter>
    </ClInclude>
    <ClInclude Include="ValveSDK\misc\platform.hpp">
      <Filter>Header Files</Filter>
    </ClInclude>
    <ClInclude Include="ValveSDK\misc\Recv.hpp">
      <Filter>Header Files</Filter>
    </ClInclude>
    <ClInclude Include="ValveSDK\misc\Studio.hpp">
      <Filter>Header Files</Filter>
    </ClInclude>
    <ClInclude Include="ValveSDK\misc\UtlBuffer.hpp">
      <Filter>Header Files</Filter>
    </ClInclude>
    <ClInclude Include="ValveSDK\misc\UtlMemory.hpp">
      <Filter>Header Files</Filter>
    </ClInclude>
    <ClInclude Include="ValveSDK\misc\UtlString.hpp">
      <Filter>Header Files</Filter>
    </ClInclude>
    <ClInclude Include="ValveSDK\misc\UtlVector.hpp">
      <Filter>Header Files</Filter>
    </ClInclude>
    <ClInclude Include="ValveSDK\misc\vfunc.hpp">
      <Filter>Header Files</Filter>
    </ClInclude>
    <ClInclude Include="ValveSDK\interfaces.hpp">
      <Filter>Header Files</Filter>
    </ClInclude>
    <ClInclude Include="hooks.hpp">
      <Filter>Header Files</Filter>
    </ClInclude>
    <ClInclude Include="Helpers\vfunc_hook.hpp">
      <Filter>Header Files</Filter>
    </ClInclude>
    <ClInclude Include="Helpers\input_system.hpp">
      <Filter>Header Files</Filter>
    </ClInclude>
    <ClInclude Include="Helpers\utils.hpp">
      <Filter>Header Files</Filter>
    </ClInclude>
    <ClInclude Include="ValveSDK\netvar_system.hpp">
      <Filter>Header Files</Filter>
    </ClInclude>
    <ClInclude Include="ValveSDK\csgostructs.hpp">
      <Filter>Header Files</Filter>
    </ClInclude>
    <ClInclude Include="Helpers\math.hpp">
      <Filter>Header Files</Filter>
    </ClInclude>
    <ClInclude Include="features\visuals.hpp">
      <Filter>Header Files</Filter>
    </ClInclude>
    <ClInclude Include="features\bhop.hpp">
      <Filter>Header Files</Filter>
    </ClInclude>
    <ClInclude Include="features\LegitBot.h">
      <Filter>Header Files</Filter>
    </ClInclude>
    <ClInclude Include="features\AutoStrafe.hpp">
      <Filter>Header Files</Filter>
    </ClInclude>
    <ClInclude Include="ValveSDK\ILocalize.hpp">
      <Filter>Header Files</Filter>
    </ClInclude>
    <ClInclude Include="Helpers\vdf_parser.hpp">
      <Filter>Header Files</Filter>
    </ClInclude>
    <ClInclude Include="features\KnifeChanger.h">
      <Filter>Header Files</Filter>
    </ClInclude>
    <ClInclude Include="ValveSDK\misc\SpoofedConvar.hpp">
      <Filter>Header Files</Filter>
    </ClInclude>
    <ClInclude Include="features\GrenadePrediction.h">
      <Filter>Header Files</Filter>
    </ClInclude>
    <ClInclude Include="ValveSDK\interfaces\INetworkStringTable.hpp">
      <Filter>Header Files</Filter>
    </ClInclude>
    <ClInclude Include="Features\FakeLag.hpp">
      <Filter>Header Files</Filter>
    </ClInclude>
    <ClInclude Include="ValveSDK\interfaces\KeyValues.h">
      <Filter>Header Files</Filter>
    </ClInclude>
    <ClInclude Include="EnginePrediction.hpp">
      <Filter>Header Files</Filter>
    </ClInclude>
    <ClInclude Include="ValveSDK\interfaces\IVEffects.hpp">
      <Filter>Header Files</Filter>
    </ClInclude>
    <ClInclude Include="Listener.hpp">
      <Filter>Header Files</Filter>
    </ClInclude>
    <ClInclude Include="Proxies.h">
      <Filter>Header Files</Filter>
    </ClInclude>
    <ClInclude Include="ValveSDK\interfaces\CLobbyScreen.hpp">
      <Filter>Header Files</Filter>
    </ClInclude>
  </ItemGroup>
  <ItemGroup>
    <ClCompile Include="Options.cpp">
      <Filter>Source Files</Filter>
    </ClCompile>
    <ClCompile Include="imgui\directx9\imgui_impl_dx9.cpp">
      <Filter>Source Files</Filter>
    </ClCompile>
    <ClCompile Include="imgui\imgui.cpp">
      <Filter>Source Files</Filter>
    </ClCompile>
    <ClCompile Include="imgui\imgui_draw.cpp">
      <Filter>Source Files</Filter>
    </ClCompile>
    <ClCompile Include="Menu.cpp">
      <Filter>Source Files</Filter>
    </ClCompile>
    <ClCompile Include="ui.cpp">
      <Filter>Source Files</Filter>
    </ClCompile>
    <ClCompile Include="main.cpp">
      <Filter>Source Files</Filter>
    </ClCompile>
    <ClCompile Include="ValveSDK\math\Vector2D.cpp">
      <Filter>Source Files</Filter>
    </ClCompile>
    <ClCompile Include="ValveSDK\math\Vector4D.cpp">
      <Filter>Source Files</Filter>
    </ClCompile>
    <ClCompile Include="ValveSDK\math\VMatrix.cpp">
      <Filter>Source Files</Filter>
    </ClCompile>
    <ClCompile Include="ValveSDK\misc\characterset.cpp">
      <Filter>Source Files</Filter>
    </ClCompile>
    <ClCompile Include="ValveSDK\misc\checksum_crc.cpp">
      <Filter>Source Files</Filter>
    </ClCompile>
    <ClCompile Include="ValveSDK\misc\checksum_md5.cpp">
      <Filter>Source Files</Filter>
    </ClCompile>
    <ClCompile Include="ValveSDK\misc\Color.cpp">
      <Filter>Source Files</Filter>
    </ClCompile>
    <ClCompile Include="ValveSDK\misc\Convar.cpp">
      <Filter>Source Files</Filter>
    </ClCompile>
    <ClCompile Include="ValveSDK\misc\UtlBuffer.cpp">
      <Filter>Source Files</Filter>
    </ClCompile>
    <ClCompile Include="ValveSDK\misc\UtlString.cpp">
      <Filter>Source Files</Filter>
    </ClCompile>
    <ClCompile Include="ValveSDK\interfaces.cpp">
      <Filter>Source Files</Filter>
    </ClCompile>
    <ClCompile Include="hooks.cpp">
      <Filter>Source Files</Filter>
    </ClCompile>
    <ClCompile Include="Helpers\vfunc_hook.cpp">
      <Filter>Source Files</Filter>
    </ClCompile>
    <ClCompile Include="Helpers\input_system.cpp">
      <Filter>Source Files</Filter>
    </ClCompile>
    <ClCompile Include="Helpers\utils.cpp">
      <Filter>Source Files</Filter>
    </ClCompile>
    <ClCompile Include="ValveSDK\netvar_system.cpp">
      <Filter>Source Files</Filter>
    </ClCompile>
    <ClCompile Include="ValveSDK\csgostructs.cpp">
      <Filter>Source Files</Filter>
    </ClCompile>
    <ClCompile Include="Helpers\math.cpp">
      <Filter>Source Files</Filter>
    </ClCompile>
    <ClCompile Include="features\visuals.cpp">
      <Filter>Source Files</Filter>
    </ClCompile>
    <ClCompile Include="features\bhop.cpp">
      <Filter>Source Files</Filter>
    </ClCompile>
    <ClCompile Include="features\LegitBot.cpp">
      <Filter>Source Files</Filter>
    </ClCompile>
    <ClCompile Include="features\AutoStrafe.cpp">
      <Filter>Source Files</Filter>
    </ClCompile>
    <ClCompile Include="ValveSDK\misc\SpoofedConvar.cpp">
      <Filter>Source Files</Filter>
    </ClCompile>
    <ClCompile Include="features\GrenadePrediction.cpp">
      <Filter>Source Files</Filter>
    </ClCompile>
    <ClCompile Include="Features\FakeLag.cpp">
      <Filter>Source Files</Filter>
    </ClCompile>
    <ClCompile Include="EnginePrediction.cpp">
      <Filter>Source Files</Filter>
    </ClCompile>
  </ItemGroup>
</Project>